// !$*UTF8*$!
{
	archiveVersion = 1;
	classes = {
	};
	objectVersion = 46;
	objects = {

/* Begin PBXBuildFile section */
		4369EE961D6C3C9300A8388B /* AppDelegate.swift in Sources */ = {isa = PBXBuildFile; fileRef = 4369EE951D6C3C9300A8388B /* AppDelegate.swift */; };
		4369EE981D6C3C9300A8388B /* ViewController.swift in Sources */ = {isa = PBXBuildFile; fileRef = 4369EE971D6C3C9300A8388B /* ViewController.swift */; };
		4369EE9D1D6C3C9300A8388B /* Assets.xcassets in Resources */ = {isa = PBXBuildFile; fileRef = 4369EE9C1D6C3C9300A8388B /* Assets.xcassets */; };
		4369EEA01D6C3C9300A8388B /* LaunchScreen.storyboard in Resources */ = {isa = PBXBuildFile; fileRef = 4369EE9E1D6C3C9300A8388B /* LaunchScreen.storyboard */; };
		4369EEAA1D6C3CCF00A8388B /* LoopedContentsView.swift in Sources */ = {isa = PBXBuildFile; fileRef = 4369EEA81D6C3CCF00A8388B /* LoopedContentsView.swift */; };
		4369EEAB1D6C3CCF00A8388B /* LoopedContentsViewCell.swift in Sources */ = {isa = PBXBuildFile; fileRef = 4369EEA91D6C3CCF00A8388B /* LoopedContentsViewCell.swift */; };
		4369EEAD1D6C3D1B00A8388B /* LoopedContentsDataSource.swift in Sources */ = {isa = PBXBuildFile; fileRef = 4369EEAC1D6C3D1B00A8388B /* LoopedContentsDataSource.swift */; };
		4369EEB11D6C3EA900A8388B /* CustomCell.swift in Sources */ = {isa = PBXBuildFile; fileRef = 4369EEB01D6C3EA900A8388B /* CustomCell.swift */; };
/* End PBXBuildFile section */

/* Begin PBXFileReference section */
		4369EE921D6C3C9300A8388B /* LoopedContentsViewExample.app */ = {isa = PBXFileReference; explicitFileType = wrapper.application; includeInIndex = 0; path = LoopedContentsViewExample.app; sourceTree = BUILT_PRODUCTS_DIR; };
		4369EE951D6C3C9300A8388B /* AppDelegate.swift */ = {isa = PBXFileReference; lastKnownFileType = sourcecode.swift; path = AppDelegate.swift; sourceTree = "<group>"; };
		4369EE971D6C3C9300A8388B /* ViewController.swift */ = {isa = PBXFileReference; lastKnownFileType = sourcecode.swift; path = ViewController.swift; sourceTree = "<group>"; };
		4369EE9C1D6C3C9300A8388B /* Assets.xcassets */ = {isa = PBXFileReference; lastKnownFileType = folder.assetcatalog; path = Assets.xcassets; sourceTree = "<group>"; };
		4369EE9F1D6C3C9300A8388B /* Base */ = {isa = PBXFileReference; lastKnownFileType = file.storyboard; name = Base; path = Base.lproj/LaunchScreen.storyboard; sourceTree = "<group>"; };
		4369EEA11D6C3C9300A8388B /* Info.plist */ = {isa = PBXFileReference; lastKnownFileType = text.plist.xml; path = Info.plist; sourceTree = "<group>"; };
		4369EEA81D6C3CCF00A8388B /* LoopedContentsView.swift */ = {isa = PBXFileReference; fileEncoding = 4; lastKnownFileType = sourcecode.swift; name = LoopedContentsView.swift; path = ../../../Sources/LoopedContentsView.swift; sourceTree = "<group>"; };
		4369EEA91D6C3CCF00A8388B /* LoopedContentsViewCell.swift */ = {isa = PBXFileReference; fileEncoding = 4; lastKnownFileType = sourcecode.swift; name = LoopedContentsViewCell.swift; path = ../../../Sources/LoopedContentsViewCell.swift; sourceTree = "<group>"; };
		4369EEAC1D6C3D1B00A8388B /* LoopedContentsDataSource.swift */ = {isa = PBXFileReference; fileEncoding = 4; lastKnownFileType = sourcecode.swift; path = LoopedContentsDataSource.swift; sourceTree = "<group>"; };
		4369EEB01D6C3EA900A8388B /* CustomCell.swift */ = {isa = PBXFileReference; fileEncoding = 4; lastKnownFileType = sourcecode.swift; path = CustomCell.swift; sourceTree = "<group>"; };
/* End PBXFileReference section */

/* Begin PBXFrameworksBuildPhase section */
		4369EE8F1D6C3C9300A8388B /* Frameworks */ = {
			isa = PBXFrameworksBuildPhase;
			buildActionMask = 2147483647;
			files = (
			);
			runOnlyForDeploymentPostprocessing = 0;
		};
/* End PBXFrameworksBuildPhase section */

/* Begin PBXGroup section */
		4369EE891D6C3C9300A8388B = {
			isa = PBXGroup;
			children = (
				4369EE941D6C3C9300A8388B /* LoopedContentsViewExample */,
				4369EEA71D6C3CBC00A8388B /* Vender */,
				4369EE931D6C3C9300A8388B /* Products */,
			);
			sourceTree = "<group>";
		};
		4369EE931D6C3C9300A8388B /* Products */ = {
			isa = PBXGroup;
			children = (
				4369EE921D6C3C9300A8388B /* LoopedContentsViewExample.app */,
			);
			name = Products;
			sourceTree = "<group>";
		};
		4369EE941D6C3C9300A8388B /* LoopedContentsViewExample */ = {
			isa = PBXGroup;
			children = (
				4369EE951D6C3C9300A8388B /* AppDelegate.swift */,
				4369EE971D6C3C9300A8388B /* ViewController.swift */,
				4369EEAC1D6C3D1B00A8388B /* LoopedContentsDataSource.swift */,
				4369EEB01D6C3EA900A8388B /* CustomCell.swift */,
				4369EE9C1D6C3C9300A8388B /* Assets.xcassets */,
				4369EE9E1D6C3C9300A8388B /* LaunchScreen.storyboard */,
				4369EEA11D6C3C9300A8388B /* Info.plist */,
			);
			path = LoopedContentsViewExample;
			sourceTree = "<group>";
		};
		4369EEA71D6C3CBC00A8388B /* Vender */ = {
			isa = PBXGroup;
			children = (
				4369EEA81D6C3CCF00A8388B /* LoopedContentsView.swift */,
				4369EEA91D6C3CCF00A8388B /* LoopedContentsViewCell.swift */,
			);
			name = Vender;
			path = LoopedContentsViewExample/Vender;
			sourceTree = "<group>";
		};
/* End PBXGroup section */

/* Begin PBXNativeTarget section */
		4369EE911D6C3C9300A8388B /* LoopedContentsViewExample */ = {
			isa = PBXNativeTarget;
			buildConfigurationList = 4369EEA41D6C3C9300A8388B /* Build configuration list for PBXNativeTarget "LoopedContentsViewExample" */;
			buildPhases = (
				4369EE8E1D6C3C9300A8388B /* Sources */,
				4369EE8F1D6C3C9300A8388B /* Frameworks */,
				4369EE901D6C3C9300A8388B /* Resources */,
			);
			buildRules = (
			);
			dependencies = (
			);
			name = LoopedContentsViewExample;
			productName = LoopedContentsViewExample;
			productReference = 4369EE921D6C3C9300A8388B /* LoopedContentsViewExample.app */;
			productType = "com.apple.product-type.application";
		};
/* End PBXNativeTarget section */

/* Begin PBXProject section */
		4369EE8A1D6C3C9300A8388B /* Project object */ = {
			isa = PBXProject;
			attributes = {
				LastSwiftUpdateCheck = 0730;
				LastUpgradeCheck = 0730;
				ORGANIZATIONNAME = naru;
				TargetAttributes = {
					4369EE911D6C3C9300A8388B = {
						CreatedOnToolsVersion = 7.3.1;
					};
				};
			};
			buildConfigurationList = 4369EE8D1D6C3C9300A8388B /* Build configuration list for PBXProject "LoopedContentsViewExample" */;
			compatibilityVersion = "Xcode 3.2";
			developmentRegion = English;
			hasScannedForEncodings = 0;
			knownRegions = (
				en,
				Base,
			);
			mainGroup = 4369EE891D6C3C9300A8388B;
			productRefGroup = 4369EE931D6C3C9300A8388B /* Products */;
			projectDirPath = "";
			projectRoot = "";
			targets = (
				4369EE911D6C3C9300A8388B /* LoopedContentsViewExample */,
			);
		};
/* End PBXProject section */

/* Begin PBXResourcesBuildPhase section */
		4369EE901D6C3C9300A8388B /* Resources */ = {
			isa = PBXResourcesBuildPhase;
			buildActionMask = 2147483647;
			files = (
				4369EEA01D6C3C9300A8388B /* LaunchScreen.storyboard in Resources */,
				4369EE9D1D6C3C9300A8388B /* Assets.xcassets in Resources */,
			);
			runOnlyForDeploymentPostprocessing = 0;
		};
/* End PBXResourcesBuildPhase section */

/* Begin PBXSourcesBuildPhase section */
		4369EE8E1D6C3C9300A8388B /* Sources */ = {
			isa = PBXSourcesBuildPhase;
			buildActionMask = 2147483647;
			files = (
				4369EE981D6C3C9300A8388B /* ViewController.swift in Sources */,
				4369EEAA1D6C3CCF00A8388B /* LoopedContentsView.swift in Sources */,
				4369EE961D6C3C9300A8388B /* AppDelegate.swift in Sources */,
				4369EEAD1D6C3D1B00A8388B /* LoopedContentsDataSource.swift in Sources */,
				4369EEB11D6C3EA900A8388B /* CustomCell.swift in Sources */,
				4369EEAB1D6C3CCF00A8388B /* LoopedContentsViewCell.swift in Sources */,
			);
			runOnlyForDeploymentPostprocessing = 0;
		};
/* End PBXSourcesBuildPhase section */

/* Begin PBXVariantGroup section */
		4369EE9E1D6C3C9300A8388B /* LaunchScreen.storyboard */ = {
			isa = PBXVariantGroup;
			children = (
				4369EE9F1D6C3C9300A8388B /* Base */,
			);
			name = LaunchScreen.storyboard;
			sourceTree = "<group>";
		};
/* End PBXVariantGroup section */

/* Begin XCBuildConfiguration section */
		4369EEA21D6C3C9300A8388B /* Debug */ = {
			isa = XCBuildConfiguration;
			buildSettings = {
				ALWAYS_SEARCH_USER_PATHS = NO;
				CLANG_ANALYZER_NONNULL = YES;
				CLANG_CXX_LANGUAGE_STANDARD = "gnu++0x";
				CLANG_CXX_LIBRARY = "libc++";
				CLANG_ENABLE_MODULES = YES;
				CLANG_ENABLE_OBJC_ARC = YES;
				CLANG_WARN_BOOL_CONVERSION = YES;
				CLANG_WARN_CONSTANT_CONVERSION = YES;
				CLANG_WARN_DIRECT_OBJC_ISA_USAGE = YES_ERROR;
				CLANG_WARN_EMPTY_BODY = YES;
				CLANG_WARN_ENUM_CONVERSION = YES;
				CLANG_WARN_INT_CONVERSION = YES;
				CLANG_WARN_OBJC_ROOT_CLASS = YES_ERROR;
				CLANG_WARN_UNREACHABLE_CODE = YES;
				CLANG_WARN__DUPLICATE_METHOD_MATCH = YES;
				"CODE_SIGN_IDENTITY[sdk=iphoneos*]" = "iPhone Developer";
				COPY_PHASE_STRIP = NO;
				DEBUG_INFORMATION_FORMAT = dwarf;
				ENABLE_STRICT_OBJC_MSGSEND = YES;
				ENABLE_TESTABILITY = YES;
				GCC_C_LANGUAGE_STANDARD = gnu99;
				GCC_DYNAMIC_NO_PIC = NO;
				GCC_NO_COMMON_BLOCKS = YES;
				GCC_OPTIMIZATION_LEVEL = 0;
				GCC_PREPROCESSOR_DEFINITIONS = (
					"DEBUG=1",
					"$(inherited)",
				);
				GCC_WARN_64_TO_32_BIT_CONVERSION = YES;
				GCC_WARN_ABOUT_RETURN_TYPE = YES_ERROR;
				GCC_WARN_UNDECLARED_SELECTOR = YES;
				GCC_WARN_UNINITIALIZED_AUTOS = YES_AGGRESSIVE;
				GCC_WARN_UNUSED_FUNCTION = YES;
				GCC_WARN_UNUSED_VARIABLE = YES;
				IPHONEOS_DEPLOYMENT_TARGET = 9.3;
				MTL_ENABLE_DEBUG_INFO = YES;
				ONLY_ACTIVE_ARCH = YES;
				SDKROOT = iphoneos;
				SWIFT_OPTIMIZATION_LEVEL = "-Onone";
			};
			name = Debug;
		};
		4369EEA31D6C3C9300A8388B /* Release */ = {
			isa = XCBuildConfiguration;
			buildSettings = {
				ALWAYS_SEARCH_USER_PATHS = NO;
				CLANG_ANALYZER_NONNULL = YES;
				CLANG_CXX_LANGUAGE_STANDARD = "gnu++0x";
				CLANG_CXX_LIBRARY = "libc++";
				CLANG_ENABLE_MODULES = YES;
				CLANG_ENABLE_OBJC_ARC = YES;
				CLANG_WARN_BOOL_CONVERSION = YES;
				CLANG_WARN_CONSTANT_CONVERSION = YES;
				CLANG_WARN_DIRECT_OBJC_ISA_USAGE = YES_ERROR;
				CLANG_WARN_EMPTY_BODY = YES;
				CLANG_WARN_ENUM_CONVERSION = YES;
				CLANG_WARN_INT_CONVERSION = YES;
				CLANG_WARN_OBJC_ROOT_CLASS = YES_ERROR;
				CLANG_WARN_UNREACHABLE_CODE = YES;
				CLANG_WARN__DUPLICATE_METHOD_MATCH = YES;
				"CODE_SIGN_IDENTITY[sdk=iphoneos*]" = "iPhone Developer";
				COPY_PHASE_STRIP = NO;
				DEBUG_INFORMATION_FORMAT = "dwarf-with-dsym";
				ENABLE_NS_ASSERTIONS = NO;
				ENABLE_STRICT_OBJC_MSGSEND = YES;
				GCC_C_LANGUAGE_STANDARD = gnu99;
				GCC_NO_COMMON_BLOCKS = YES;
				GCC_WARN_64_TO_32_BIT_CONVERSION = YES;
				GCC_WARN_ABOUT_RETURN_TYPE = YES_ERROR;
				GCC_WARN_UNDECLARED_SELECTOR = YES;
				GCC_WARN_UNINITIALIZED_AUTOS = YES_AGGRESSIVE;
				GCC_WARN_UNUSED_FUNCTION = YES;
				GCC_WARN_UNUSED_VARIABLE = YES;
				IPHONEOS_DEPLOYMENT_TARGET = 9.3;
				MTL_ENABLE_DEBUG_INFO = NO;
				SDKROOT = iphoneos;
				VALIDATE_PRODUCT = YES;
			};
			name = Release;
		};
		4369EEA51D6C3C9300A8388B /* Debug */ = {
			isa = XCBuildConfiguration;
			buildSettings = {
				ASSETCATALOG_COMPILER_APPICON_NAME = AppIcon;
				INFOPLIST_FILE = LoopedContentsViewExample/Info.plist;
				IPHONEOS_DEPLOYMENT_TARGET = 9.0;
				LD_RUNPATH_SEARCH_PATHS = "$(inherited) @executable_path/Frameworks";
				PRODUCT_BUNDLE_IDENTIFIER = com.jpn.naru.LoopedContentsViewExample;
				PRODUCT_NAME = "$(TARGET_NAME)";
			};
			name = Debug;
		};
		4369EEA61D6C3C9300A8388B /* Release */ = {
			isa = XCBuildConfiguration;
			buildSettings = {
				ASSETCATALOG_COMPILER_APPICON_NAME = AppIcon;
				INFOPLIST_FILE = LoopedContentsViewExample/Info.plist;
				IPHONEOS_DEPLOYMENT_TARGET = 9.0;
				LD_RUNPATH_SEARCH_PATHS = "$(inherited) @executable_path/Frameworks";
				PRODUCT_BUNDLE_IDENTIFIER = com.jpn.naru.LoopedContentsViewExample;
				PRODUCT_NAME = "$(TARGET_NAME)";
			};
			name = Release;
		};
/* End XCBuildConfiguration section */

/* Begin XCConfigurationList section */
		4369EE8D1D6C3C9300A8388B /* Build configuration list for PBXProject "LoopedContentsViewExample" */ = {
			isa = XCConfigurationList;
			buildConfigurations = (
				4369EEA21D6C3C9300A8388B /* Debug */,
				4369EEA31D6C3C9300A8388B /* Release */,
			);
			defaultConfigurationIsVisible = 0;
			defaultConfigurationName = Release;
		};
		4369EEA41D6C3C9300A8388B /* Build configuration list for PBXNativeTarget "LoopedContentsViewExample" */ = {
			isa = XCConfigurationList;
			buildConfigurations = (
				4369EEA51D6C3C9300A8388B /* Debug */,
				4369EEA61D6C3C9300A8388B /* Release */,
			);
			defaultConfigurationIsVisible = 0;
		};
/* End XCConfigurationList section */
	};
	rootObject = 4369EE8A1D6C3C9300A8388B /* Project object */;
}
